
Microsoft Visual Studio Solution File, Format Version 12.00
# Visual Studio Version 17
VisualStudioVersion = 17.10.35122.118
MinimumVisualStudioVersion = 10.0.40219.1
Project("{FAE04EC0-301F-11D3-BF4B-00C04F79EFBC}") = "POSResturant", "POSResturant.csproj", "{87A01AC7-7D6D-4CB0-BADF-413787F8B8F0}"
EndProject
Project("{FAE04EC0-301F-11D3-BF4B-00C04F79EFBC}") = "DataAccess", "..\DataAccess\DataAccess.csproj", "{3D6E5402-6B37-4E1B-B69A-0F76C78E0191}"
EndProject
Global
	GlobalSection(SolutionConfigurationPlatforms) = preSolution
		Debug|Any CPU = Debug|Any CPU
		Release|Any CPU = Release|Any CPU
	EndGlobalSection
	GlobalSection(ProjectConfigurationPlatforms) = postSolution
		{87A01AC7-7D6D-4CB0-BADF-413787F8B8F0}.Debug|Any CPU.ActiveCfg = Debug|Any CPU
		{87A01AC7-7D6D-4CB0-BADF-413787F8B8F0}.Debug|Any CPU.Build.0 = Debug|Any CPU
		{87A01AC7-7D6D-4CB0-BADF-413787F8B8F0}.Release|Any CPU.ActiveCfg = Release|Any CPU
		{87A01AC7-7D6D-4CB0-BADF-413787F8B8F0}.Release|Any CPU.Build.0 = Release|Any CPU
		{3D6E5402-6B37-4E1B-B69A-0F76C78E0191}.Debug|Any CPU.ActiveCfg = Debug|Any CPU
		{3D6E5402-6B37-4E1B-B69A-0F76C78E0191}.Debug|Any CPU.Build.0 = Debug|Any CPU
		{3D6E5402-6B37-4E1B-B69A-0F76C78E0191}.Release|Any CPU.ActiveCfg = Release|Any CPU
		{3D6E5402-6B37-4E1B-B69A-0F76C78E0191}.Release|Any CPU.Build.0 = Release|Any CPU
	EndGlobalSection
	GlobalSection(SolutionProperties) = preSolution
		HideSolutionNode = FALSE
	EndGlobalSection
	GlobalSection(ExtensibilityGlobals) = postSolution
		SolutionGuid = {84A2391D-CE8A-4E75-BD4A-12C27AFD81E3}
	EndGlobalSection
EndGlobal
